# This file is autogenerated, do not edit; changes may be undone by the next 'dep ensure'.


[[projects]]
  digest = "1:5d3e23515e7916c152cc665eda0f7eaf6fdf8fdfe7c3dbac97049bcbd649b33f"
  name = "github.com/Knetic/govaluate"
  packages = ["."]
  pruneopts = "UT"
  revision = "d216395917cc49052c7c7094cf57f09657ca08a8"
  version = "v3.0.0"

[[projects]]
  digest = "1:3ca2109e48660e527509b433c4efb5b910e5b9010d5149a6f44137d47b7970ca"
  name = "github.com/Masterminds/squirrel"
  packages = ["."]
  pruneopts = "UT"
  revision = "a6b93000bd219143c56c16e6cb1c4b91da3f224b"
  version = "v1.0"

[[projects]]
  branch = "master"
  digest = "1:3e929e11d284c12f10ae6d22d3da576207835fc93fbbad2a46ad3c10a756a18b"
  name = "github.com/RussellLuo/timingwheel"
  packages = ["."]
  pruneopts = "UT"
  revision = "2351d92255c6fe40455555440d7033a2e599e027"

[[projects]]
  digest = "1:e5d8b169866840b22ecb59b9611cc4a43c0326c1ea4efefec98ad7cf71fdca34"
  name = "github.com/astaxie/beego"
  packages = ["httplib"]
  pruneopts = "UT"
  revision = "053a075344c118a5cc41981b29ef612bb53d20ca"
  version = "v1.10.1"

[[projects]]
  digest = "1:2f30fb22e56424a767d5734756a4cffc489fcbac43146edb15ca5bf4e233cf0d"
  name = "github.com/casbin/casbin"
  packages = [
    ".",
    "config",
    "effect",
    "model",
    "persist",
    "persist/file-adapter",
    "rbac",
    "rbac/default-role-manager",
    "util",
  ]
  pruneopts = "UT"
  revision = "695c374a6617e9cdc930e8666307a772577cbd70"
  version = "v1.6.0"

[[projects]]
  digest = "1:966b353be814132de4ca49a14d99c104e4a47222b1240a7fcb2f135ffc1f8efb"
  name = "github.com/dgrr/GoSlaves"
  packages = ["."]
  pruneopts = "UT"
  revision = "6dd4c2f8c0410d271d2bc7a6737722df1c24c53c"
  version = "v3.1"

[[projects]]
  digest = "1:50bc0a349ae8e578f6620e83f8358a05f45479efee1dc86f4a13fa3440022c46"
  name = "github.com/go-chi/chi"
  packages = [
    ".",
    "middleware",
  ]
  pruneopts = "UT"
  revision = "e6033ea75479391a4bce3918fc119cad31e1cb30"
  version = "v2.1.0"

[[projects]]
  digest = "1:e1ff887e232b2d8f4f7c7db15a5fac7be418025afc4dda53c59c765dbb5aa6b4"
  name = "github.com/go-playground/locales"
  packages = [
    ".",
    "currency",
  ]
  pruneopts = "UT"
  revision = "f63010822830b6fe52288ee52d5a1151088ce039"
  version = "v0.12.1"

[[projects]]
  digest = "1:e022cf244bcac1b6ef933f1a2e0adcf6a6dfd7b872d8d41e4d4179bb09a87cbc"
  name = "github.com/go-playground/universal-translator"
  packages = ["."]
  pruneopts = "UT"
  revision = "b32fa301c9fe55953584134cb6853a13c87ec0a1"
  version = "v0.16.0"

[[projects]]
  digest = "1:34a9a60fade37f8009ed4a19e02924198aba3eabfcc120ee5c6002b7de17212d"
  name = "github.com/go-redis/redis"
  packages = [
    ".",
    "internal",
    "internal/consistenthash",
    "internal/hashtag",
    "internal/pool",
    "internal/proto",
    "internal/singleflight",
    "internal/util",
  ]
  pruneopts = "UT"
  revision = "b3d9bf10f6666b2ee5100a6f3f84f4caf3b4e37d"
  version = "v6.14.2"

[[projects]]
  digest = "1:850c49ca338a10fec2cb9e78f793043ed23965489d09e30bcc19fe29719da313"
  name = "github.com/go-sql-driver/mysql"
  packages = ["."]
  pruneopts = "UT"
  revision = "a0583e0143b1624142adab07e0e97fe106d99561"
  version = "v1.3.0"

[[projects]]
  digest = "1:7b5c6e2eeaa9ae5907c391a91c132abfd5c9e8a784a341b5625e750c67e6825d"
  name = "github.com/gorilla/websocket"
  packages = ["."]
  pruneopts = "UT"
  revision = "66b9c49e59c6c48f0ffce28c2d8b8a5678502c6d"
  version = "v1.4.0"

[[projects]]
  branch = "master"
  digest = "1:e8d99882caa8c74d68f340ddb9bba3f7e433117ce57c3e52501edfa7e195d2c7"
  name = "github.com/hashicorp/go-hclog"
  packages = ["."]
  pruneopts = "UT"
  revision = "ff2cf002a8dd750586d91dddd4470c341f981fe1"

[[projects]]
  branch = "master"
  digest = "1:354978aad16c56c27f57e5b152224806d87902e4935da3b03e18263d82ae77aa"
  name = "github.com/hashicorp/go-uuid"
  packages = ["."]
  pruneopts = "UT"
  revision = "27454136f0364f2d44b1276c552d69105cf8c498"

[[projects]]
  branch = "master"
  digest = "1:0778dc7fce1b4669a8bfa7ae506ec1f595b6ab0f8989c1c0d22a8ca1144e9972"
  name = "github.com/howeyc/gopass"
  packages = ["."]
  pruneopts = "UT"
  revision = "bf9dde6d0d2c004a008c27aaee91170c786f6db8"

[[projects]]
  branch = "master"
  digest = "1:5c3444689562053b027ef3b96372e306adbe0d7d109b6cdd48d01eb80f8bab14"
  name = "github.com/jinzhu/copier"
  packages = ["."]
  pruneopts = "UT"
  revision = "7e38e58719c33e0d44d585c4ab477a30f8cb82dd"

[[projects]]
  digest = "1:235ae01f32fb5f12c5f6d2e0e05ab48e651ab31c126e45a4efc4f510810941ac"
  name = "github.com/jinzhu/gorm"
  packages = ["."]
  pruneopts = "UT"
  revision = "6ed508ec6a4ecb3531899a69cbc746ccf65a4166"
  version = "v1.9.1"

[[projects]]
  branch = "master"
  digest = "1:fd97437fbb6b7dce04132cf06775bd258cce305c44add58eb55ca86c6c325160"
  name = "github.com/jinzhu/inflection"
  packages = ["."]
  pruneopts = "UT"
  revision = "04140366298a54a039076d798123ffa108fff46c"

[[projects]]
  branch = "master"
  digest = "1:dbfa8b5fa854139c596df837803250765cbe25369a08882fcbf45779d4cae66b"
  name = "github.com/jlaffaye/ftp"
  packages = ["."]
  pruneopts = "UT"
  revision = "47f21d10f0ee0d0921769ca3618072e53c12c5a3"

[[projects]]
  digest = "1:9cedee824c21326bd26950bd9e1ffe9dc4e7ca03dc8634d0e6f954ee6a383172"
  name = "github.com/kr/fs"
  packages = ["."]
  pruneopts = "UT"
  revision = "1455def202f6e05b95cc7bfc7e8ae67ae5141eba"
  version = "v0.1.0"

[[projects]]
  branch = "master"
  digest = "1:a7fc52742a5d011497b6a24024c857d260f809083424cd84110c9e40c34f64fc"
  name = "github.com/lann/builder"
  packages = ["."]
  pruneopts = "UT"
  revision = "47ae307949d02aa1f1069fdafc00ca08e1dbabac"

[[projects]]
  branch = "master"
  digest = "1:225499d25a9f1486f3b77cdc4f7d6590c506c3839bb9d8497113f6d19676d54a"
  name = "github.com/lann/ps"
  packages = ["."]
  pruneopts = "UT"
  revision = "62de8c46ede02a7675c4c79c84883eb164cb71e3"

[[projects]]
  digest = "1:40e195917a951a8bf867cd05de2a46aaf1806c50cf92eebf4c16f78cd196f747"
  name = "github.com/pkg/errors"
  packages = ["."]
  pruneopts = "UT"
  revision = "645ef00459ed84a119197bfb8d8205042c6df63d"
  version = "v0.8.0"

[[projects]]
  digest = "1:921c87a7c5089c09fdd33b787b15c321c1401d09c241d999bc336e24d3367a14"
  name = "github.com/pkg/sftp"
  packages = ["."]
  pruneopts = "UT"
  revision = "718e6477175d68cfcef67eb0a19ddcb74563a777"
  version = "v1.8.2"

[[projects]]
  digest = "1:66ddebb274faa160a4a23394a17ad3c8e15fee9bf5408d13f77d22b61bc7f072"
  name = "github.com/pressly/chi"
  packages = ["."]
  pruneopts = "UT"
  revision = "e83ac2304db3c50cf03d96a2fcd39009d458bc35"
  version = "v3.3.2"

[[projects]]
  digest = "1:ed615c5430ecabbb0fb7629a182da65ecee6523900ac1ac932520860878ffcad"
  name = "github.com/robfig/cron"
  packages = ["."]
  pruneopts = "UT"
  revision = "b41be1df696709bb6395fe435af20370037c0b4c"
  version = "v1.1"

[[projects]]
  digest = "1:274f67cb6fed9588ea2521ecdac05a6d62a8c51c074c1fccc6a49a40ba80e925"
  name = "github.com/satori/go.uuid"
  packages = ["."]
  pruneopts = "UT"
  revision = "f58768cc1a7a7e77a3bd49e98cdd21419399b6a3"
  version = "v1.2.0"

[[projects]]
  branch = "master"
  digest = "1:7d1eedf354a35fafa477c49b2a9e4cf2cf24c42c882d66d3d49933aac8b03b4a"
  name = "github.com/shenbowei/switch-ssh-go"
  packages = ["."]
  pruneopts = "UT"
  revision = "a8d82c752824e4b65d22b702b6d2834692adb8c2"

[[projects]]
  branch = "master"
  digest = "1:0c088044c1c1ee83e723692442df4fec9b3f2e57f7a99773485c97adfbc31695"
  name = "github.com/streadway/amqp"
  packages = ["."]
  pruneopts = "UT"
  revision = "70e15c650864f4fc47f5d3c82ea117285480895d"

[[projects]]
  branch = "master"
  digest = "1:c904faa481d1f3795ca6150cd6814d859ecbbfea1f53c3df8eebd1134e53f4ab"
  name = "github.com/theplant/batchputs"
  packages = ["."]
  pruneopts = "UT"
  revision = "4042c5864fa1dca5c9aa5fb880262f3cb4efbdf4"

[[projects]]
  digest = "1:b24d38b282bacf9791408a080f606370efa3d364e4b5fd9ba0f7b87786d3b679"
  name = "github.com/urfave/cli"
  packages = ["."]
  pruneopts = "UT"
  revision = "cfb38830724cc34fedffe9a2a29fb54fa9169cd1"
  version = "v1.20.0"

[[projects]]
  branch = "master"
  digest = "1:10e257965f5774c1ef03b258130a6caa8dddbfe03041f69d7c16a00463dece62"
  name = "golang.org/x/crypto"
  packages = [
    "curve25519",
    "ed25519",
    "ed25519/internal/edwards25519",
    "internal/chacha20",
    "internal/subtle",
    "poly1305",
    "ssh",
    "ssh/terminal",
  ]
  pruneopts = "UT"
  revision = "614d502a4dac94afa3a6ce146bd1736da82514c6"

[[projects]]
  branch = "master"
  digest = "1:2c607ffa8a0a34a9acba4aba7b33d981b5a2150bfcec41b1f2ef1d791bcf6c14"
  name = "golang.org/x/sys"
  packages = [
    "unix",
    "windows",
  ]
  pruneopts = "UT"
  revision = "dad3d9fb7b6e83d0f9ac8f54670f6334c3a287b4"

[[projects]]
  digest = "1:2422d5269119c3c285f6dbd8cee9eef8be09a7895564ef5de0859a4f8b1ae0d9"
  name = "golang.org/x/text"
  packages = [
    "encoding",
    "encoding/internal",
    "encoding/internal/identifier",
    "encoding/japanese",
    "encoding/simplifiedchinese",
    "encoding/unicode",
    "internal/gen",
    "internal/utf8internal",
    "runes",
    "transform",
    "unicode/cldr",
  ]
  pruneopts = "UT"
  revision = "f21a4dfb5e38f5895301dc265a8def02365cc3d0"
  version = "v0.3.0"

[[projects]]
  digest = "1:04aea75705cb453e24bf8c1506a24a5a9036537dbc61ddf71d20900d6c7c3ab9"
  name = "gopkg.in/DATA-DOG/go-sqlmock.v1"
  packages = ["."]
  pruneopts = "UT"
  revision = "d76b18b42f285b792bf985118980ce9eacea9d10"
  version = "v1.3.0"

[[projects]]
  digest = "1:e2f64cca6e235f32cd4c2f9be9ae0cda1f8608fc6fdb68936e8d10e4e0bb074d"
  name = "gopkg.in/go-playground/validator.v9"
  packages = ["."]
  pruneopts = "UT"
  revision = "e69e9a28bb62b977fdc58d051f1bb477b7cbe486"
  version = "v9.21.0"

[[projects]]
  digest = "1:342378ac4dcb378a5448dd723f0784ae519383532f5e70ade24132c4c8693202"
  name = "gopkg.in/yaml.v2"
  packages = ["."]
  pruneopts = "UT"
  revision = "5420a8b6744d3b0345ab293f6fcba19c978f1183"
  version = "v2.2.1"

[[projects]]
  digest = "1:703aad9ba9fd4ebd8888c067f2e2750f63bbc60359acfb800e29bbfe217579a3"
  name = "mvdan.cc/sh"
  packages = ["syntax"]
  pruneopts = "UT"
  revision = "fb481a126503bd1e540f479c0e281c3c47739047"
  version = "v2.5.1"

[solve-meta]
  analyzer-name = "dep"
  analyzer-version = 1
  input-imports = [
    "github.com/RussellLuo/timingwheel",
    "github.com/astaxie/beego/httplib",
    "github.com/casbin/casbin",
    "github.com/dgrr/GoSlaves",
    "github.com/go-chi/chi",
    "github.com/go-chi/chi/middleware",
    "github.com/go-redis/redis",
    "github.com/go-sql-driver/mysql",
    "github.com/gorilla/websocket",
    "github.com/hashicorp/go-hclog",
    "github.com/hashicorp/go-uuid",
    "github.com/howeyc/gopass",
    "github.com/jinzhu/copier",
    "github.com/jinzhu/gorm",
    "github.com/jlaffaye/ftp",
    "github.com/pkg/errors",
    "github.com/pkg/sftp",
    "github.com/robfig/cron",
    "github.com/satori/go.uuid",
    "github.com/shenbowei/switch-ssh-go",
    "github.com/streadway/amqp",
    "github.com/theplant/batchputs",
    "github.com/urfave/cli",
    "golang.org/x/crypto/ssh",
    "golang.org/x/text/encoding/japanese",
    "golang.org/x/text/encoding/simplifiedchinese",
    "golang.org/x/text/encoding/unicode",
    "golang.org/x/text/transform",
    "gopkg.in/DATA-DOG/go-sqlmock.v1",
    "gopkg.in/go-playground/validator.v9",
    "gopkg.in/yaml.v2",
    "mvdan.cc/sh/syntax",
  ]
  solver-name = "gps-cdcl"
  solver-version = 1
